
Microsoft Visual Studio Solution File, Format Version 12.00
Project("{FAE04EC0-301F-11D3-BF4B-00C04F79EFBC}") = "CrossUI.TestSample", "CrossUI.TestSample\CrossUI.TestSample.csproj", "{155BDB88-96A3-4FE4-9206-A1BB1F2BF69E}"
EndProject
Project("{FAE04EC0-301F-11D3-BF4B-00C04F79EFBC}") = "CrossUI", "CrossUI\CrossUI.csproj", "{F4C44DA0-0298-4408-8E62-E6E667382B4D}"
EndProject
Project("{FAE04EC0-301F-11D3-BF4B-00C04F79EFBC}") = "CrossUI.Viewer", "CrossUI.Viewer\CrossUI.Viewer.csproj", "{3494E06D-A719-4F98-96FA-50FBEDCF7E63}"
EndProject
Global
	GlobalSection(SolutionConfigurationPlatforms) = preSolution
		Debug|Any CPU = Debug|Any CPU
		Release|Any CPU = Release|Any CPU
	EndGlobalSection
	GlobalSection(ProjectConfigurationPlatforms) = postSolution
		{155BDB88-96A3-4FE4-9206-A1BB1F2BF69E}.Debug|Any CPU.ActiveCfg = Debug|Any CPU
		{155BDB88-96A3-4FE4-9206-A1BB1F2BF69E}.Debug|Any CPU.Build.0 = Debug|Any CPU
		{155BDB88-96A3-4FE4-9206-A1BB1F2BF69E}.Release|Any CPU.ActiveCfg = Release|Any CPU
		{155BDB88-96A3-4FE4-9206-A1BB1F2BF69E}.Release|Any CPU.Build.0 = Release|Any CPU
		{F4C44DA0-0298-4408-8E62-E6E667382B4D}.Debug|Any CPU.ActiveCfg = Debug|Any CPU
		{F4C44DA0-0298-4408-8E62-E6E667382B4D}.Debug|Any CPU.Build.0 = Debug|Any CPU
		{F4C44DA0-0298-4408-8E62-E6E667382B4D}.Release|Any CPU.ActiveCfg = Release|Any CPU
		{F4C44DA0-0298-4408-8E62-E6E667382B4D}.Release|Any CPU.Build.0 = Release|Any CPU
		{3494E06D-A719-4F98-96FA-50FBEDCF7E63}.Debug|Any CPU.ActiveCfg = Debug|Any CPU
		{3494E06D-A719-4F98-96FA-50FBEDCF7E63}.Debug|Any CPU.Build.0 = Debug|Any CPU
		{3494E06D-A719-4F98-96FA-50FBEDCF7E63}.Release|Any CPU.ActiveCfg = Release|Any CPU
		{3494E06D-A719-4F98-96FA-50FBEDCF7E63}.Release|Any CPU.Build.0 = Release|Any CPU
	EndGlobalSection
EndGlobal
